// !$*UTF8*$!
{
	archiveVersion = 1;
	classes = {
	};
	objectVersion = 46;
	objects = {

/* Begin PBXBuildFile section */
		2508E9501B4A83F300149E49 /* AppDelegate.swift in Sources */ = {isa = PBXBuildFile; fileRef = 2508E94F1B4A83F300149E49 /* AppDelegate.swift */; };
		2508E9521B4A83F300149E49 /* ViewController.swift in Sources */ = {isa = PBXBuildFile; fileRef = 2508E9511B4A83F300149E49 /* ViewController.swift */; };
		2508E9551B4A83F300149E49 /* Main.storyboard in Resources */ = {isa = PBXBuildFile; fileRef = 2508E9531B4A83F300149E49 /* Main.storyboard */; };
		2508E9571B4A83F300149E49 /* Assets.xcassets in Resources */ = {isa = PBXBuildFile; fileRef = 2508E9561B4A83F300149E49 /* Assets.xcassets */; };
		2508E95A1B4A83F300149E49 /* LaunchScreen.storyboard in Resources */ = {isa = PBXBuildFile; fileRef = 2508E9581B4A83F300149E49 /* LaunchScreen.storyboard */; };
		2508E9651B4A83F300149E49 /* ShooPaTests.swift in Sources */ = {isa = PBXBuildFile; fileRef = 2508E9641B4A83F300149E49 /* ShooPaTests.swift */; };
		2508E9701B4A83F300149E49 /* ShooPaUITests.swift in Sources */ = {isa = PBXBuildFile; fileRef = 2508E96F1B4A83F300149E49 /* ShooPaUITests.swift */; };
		2508E9751B4A83F300149E49 /* ShooPa WatchKit App.app in Embed Watch Content */ = {isa = PBXBuildFile; fileRef = 2508E9741B4A83F300149E49 /* ShooPa WatchKit App.app */; };
		2508E97B1B4A83F300149E49 /* Interface.storyboard in Resources */ = {isa = PBXBuildFile; fileRef = 2508E9791B4A83F300149E49 /* Interface.storyboard */; };
		2508E97D1B4A83F300149E49 /* Assets.xcassets in Resources */ = {isa = PBXBuildFile; fileRef = 2508E97C1B4A83F300149E49 /* Assets.xcassets */; };
		2508E9841B4A83F300149E49 /* ShooPa WatchKit Extension.appex in Embed App Extensions */ = {isa = PBXBuildFile; fileRef = 2508E9831B4A83F300149E49 /* ShooPa WatchKit Extension.appex */; settings = {ATTRIBUTES = (RemoveHeadersOnCopy, ); }; };
		2508E98B1B4A83F300149E49 /* InterfaceController.swift in Sources */ = {isa = PBXBuildFile; fileRef = 2508E98A1B4A83F300149E49 /* InterfaceController.swift */; };
		2508E98D1B4A83F300149E49 /* ExtensionDelegate.swift in Sources */ = {isa = PBXBuildFile; fileRef = 2508E98C1B4A83F300149E49 /* ExtensionDelegate.swift */; };
		2508E98F1B4A83F300149E49 /* NotificationController.swift in Sources */ = {isa = PBXBuildFile; fileRef = 2508E98E1B4A83F300149E49 /* NotificationController.swift */; };
		2508E9911B4A83F300149E49 /* GlanceController.swift in Sources */ = {isa = PBXBuildFile; fileRef = 2508E9901B4A83F300149E49 /* GlanceController.swift */; };
		2508E9931B4A83F300149E49 /* ComplicationController.swift in Sources */ = {isa = PBXBuildFile; fileRef = 2508E9921B4A83F300149E49 /* ComplicationController.swift */; };
		2508E9951B4A83F300149E49 /* Assets.xcassets in Resources */ = {isa = PBXBuildFile; fileRef = 2508E9941B4A83F300149E49 /* Assets.xcassets */; };
		25531E6E1B64D2F300995B1E /* AAPLAudioRecordingInterfaceController.m in Sources */ = {isa = PBXBuildFile; fileRef = 25531E6B1B64D2F300995B1E /* AAPLAudioRecordingInterfaceController.m */; };
		25531E731B64D36F00995B1E /* AAPLAppConfiguration.m in Sources */ = {isa = PBXBuildFile; fileRef = 25531E721B64D36F00995B1E /* AAPLAppConfiguration.m */; };
		25531E741B64D36F00995B1E /* AAPLAppConfiguration.m in Sources */ = {isa = PBXBuildFile; fileRef = 25531E721B64D36F00995B1E /* AAPLAppConfiguration.m */; };
		2593C9D01B77768F00405A52 /* sound.mp3 in Resources */ = {isa = PBXBuildFile; fileRef = 2593C9CF1B77768F00405A52 /* sound.mp3 */; };
		2593C9D21B777C6E00405A52 /* fart.wav in Resources */ = {isa = PBXBuildFile; fileRef = 2593C9D11B777C6E00405A52 /* fart.wav */; };
		2593C9D41B778E8600405A52 /* CoreMotion.framework in Frameworks */ = {isa = PBXBuildFile; fileRef = 2593C9D31B778E8600405A52 /* CoreMotion.framework */; };
		25B15B871BE5F494000868BB /* WatchConnectivity.framework in Frameworks */ = {isa = PBXBuildFile; fileRef = 25B15B861BE5F494000868BB /* WatchConnectivity.framework */; };
/* End PBXBuildFile section */

/* Begin PBXContainerItemProxy section */
		2508E9611B4A83F300149E49 /* PBXContainerItemProxy */ = {
			isa = PBXContainerItemProxy;
			containerPortal = 2508E9441B4A83F300149E49 /* Project object */;
			proxyType = 1;
			remoteGlobalIDString = 2508E94B1B4A83F300149E49;
			remoteInfo = ShooPa;
		};
		2508E96C1B4A83F300149E49 /* PBXContainerItemProxy */ = {
			isa = PBXContainerItemProxy;
			containerPortal = 2508E9441B4A83F300149E49 /* Project object */;
			proxyType = 1;
			remoteGlobalIDString = 2508E94B1B4A83F300149E49;
			remoteInfo = ShooPa;
		};
		2508E9761B4A83F300149E49 /* PBXContainerItemProxy */ = {
			isa = PBXContainerItemProxy;
			containerPortal = 2508E9441B4A83F300149E49 /* Project object */;
			proxyType = 1;
			remoteGlobalIDString = 2508E9731B4A83F300149E49;
			remoteInfo = "ShooPa WatchKit App";
		};
		2508E9851B4A83F300149E49 /* PBXContainerItemProxy */ = {
			isa = PBXContainerItemProxy;
			containerPortal = 2508E9441B4A83F300149E49 /* Project object */;
			proxyType = 1;
			remoteGlobalIDString = 2508E9821B4A83F300149E49;
			remoteInfo = "ShooPa WatchKit Extension";
		};
/* End PBXContainerItemProxy section */

/* Begin PBXCopyFilesBuildPhase section */
		2508E99C1B4A83F300149E49 /* Embed App Extensions */ = {
			isa = PBXCopyFilesBuildPhase;
			buildActionMask = 2147483647;
			dstPath = "";
			dstSubfolderSpec = 13;
			files = (
				2508E9841B4A83F300149E49 /* ShooPa WatchKit Extension.appex in Embed App Extensions */,
			);
			name = "Embed App Extensions";
			runOnlyForDeploymentPostprocessing = 0;
		};
		2508E9A01B4A83F300149E49 /* Embed Watch Content */ = {
			isa = PBXCopyFilesBuildPhase;
			buildActionMask = 2147483647;
			dstPath = "$(CONTENTS_FOLDER_PATH)/Watch";
			dstSubfolderSpec = 16;
			files = (
				2508E9751B4A83F300149E49 /* ShooPa WatchKit App.app in Embed Watch Content */,
			);
			name = "Embed Watch Content";
			runOnlyForDeploymentPostprocessing = 0;
		};
/* End PBXCopyFilesBuildPhase section */

/* Begin PBXFileReference section */
		2508E94C1B4A83F300149E49 /* ShooPa.app */ = {isa = PBXFileReference; explicitFileType = wrapper.application; includeInIndex = 0; path = ShooPa.app; sourceTree = BUILT_PRODUCTS_DIR; };
		2508E94F1B4A83F300149E49 /* AppDelegate.swift */ = {isa = PBXFileReference; lastKnownFileType = sourcecode.swift; path = AppDelegate.swift; sourceTree = "<group>"; };
		2508E9511B4A83F300149E49 /* ViewController.swift */ = {isa = PBXFileReference; lastKnownFileType = sourcecode.swift; path = ViewController.swift; sourceTree = "<group>"; };
		2508E9541B4A83F300149E49 /* Base */ = {isa = PBXFileReference; lastKnownFileType = file.storyboard; name = Base; path = Base.lproj/Main.storyboard; sourceTree = "<group>"; };
		2508E9561B4A83F300149E49 /* Assets.xcassets */ = {isa = PBXFileReference; lastKnownFileType = folder.assetcatalog; path = Assets.xcassets; sourceTree = "<group>"; };
		2508E9591B4A83F300149E49 /* Base */ = {isa = PBXFileReference; lastKnownFileType = file.storyboard; name = Base; path = Base.lproj/LaunchScreen.storyboard; sourceTree = "<group>"; };
		2508E95B1B4A83F300149E49 /* Info.plist */ = {isa = PBXFileReference; lastKnownFileType = text.plist.xml; path = Info.plist; sourceTree = "<group>"; };
		2508E9601B4A83F300149E49 /* ShooPaTests.xctest */ = {isa = PBXFileReference; explicitFileType = wrapper.cfbundle; includeInIndex = 0; path = ShooPaTests.xctest; sourceTree = BUILT_PRODUCTS_DIR; };
		2508E9641B4A83F300149E49 /* ShooPaTests.swift */ = {isa = PBXFileReference; lastKnownFileType = sourcecode.swift; path = ShooPaTests.swift; sourceTree = "<group>"; };
		2508E9661B4A83F300149E49 /* Info.plist */ = {isa = PBXFileReference; lastKnownFileType = text.plist.xml; path = Info.plist; sourceTree = "<group>"; };
		2508E96B1B4A83F300149E49 /* ShooPaUITests.xctest */ = {isa = PBXFileReference; explicitFileType = wrapper.cfbundle; includeInIndex = 0; path = ShooPaUITests.xctest; sourceTree = BUILT_PRODUCTS_DIR; };
		2508E96F1B4A83F300149E49 /* ShooPaUITests.swift */ = {isa = PBXFileReference; lastKnownFileType = sourcecode.swift; path = ShooPaUITests.swift; sourceTree = "<group>"; };
		2508E9711B4A83F300149E49 /* Info.plist */ = {isa = PBXFileReference; lastKnownFileType = text.plist.xml; path = Info.plist; sourceTree = "<group>"; };
		2508E9741B4A83F300149E49 /* ShooPa WatchKit App.app */ = {isa = PBXFileReference; explicitFileType = wrapper.application; includeInIndex = 0; path = "ShooPa WatchKit App.app"; sourceTree = BUILT_PRODUCTS_DIR; };
		2508E97A1B4A83F300149E49 /* Base */ = {isa = PBXFileReference; lastKnownFileType = file.storyboard; name = Base; path = Base.lproj/Interface.storyboard; sourceTree = "<group>"; };
		2508E97C1B4A83F300149E49 /* Assets.xcassets */ = {isa = PBXFileReference; lastKnownFileType = folder.assetcatalog; path = Assets.xcassets; sourceTree = "<group>"; };
		2508E97E1B4A83F300149E49 /* Info.plist */ = {isa = PBXFileReference; lastKnownFileType = text.plist.xml; path = Info.plist; sourceTree = "<group>"; };
		2508E9831B4A83F300149E49 /* ShooPa WatchKit Extension.appex */ = {isa = PBXFileReference; explicitFileType = "wrapper.app-extension"; includeInIndex = 0; path = "ShooPa WatchKit Extension.appex"; sourceTree = BUILT_PRODUCTS_DIR; };
		2508E9891B4A83F300149E49 /* PushNotificationPayload.apns */ = {isa = PBXFileReference; lastKnownFileType = text; path = PushNotificationPayload.apns; sourceTree = "<group>"; };
		2508E98A1B4A83F300149E49 /* InterfaceController.swift */ = {isa = PBXFileReference; lastKnownFileType = sourcecode.swift; path = InterfaceController.swift; sourceTree = "<group>"; };
		2508E98C1B4A83F300149E49 /* ExtensionDelegate.swift */ = {isa = PBXFileReference; lastKnownFileType = sourcecode.swift; path = ExtensionDelegate.swift; sourceTree = "<group>"; };
		2508E98E1B4A83F300149E49 /* NotificationController.swift */ = {isa = PBXFileReference; lastKnownFileType = sourcecode.swift; path = NotificationController.swift; sourceTree = "<group>"; };
		2508E9901B4A83F300149E49 /* GlanceController.swift */ = {isa = PBXFileReference; lastKnownFileType = sourcecode.swift; path = GlanceController.swift; sourceTree = "<group>"; };
		2508E9921B4A83F300149E49 /* ComplicationController.swift */ = {isa = PBXFileReference; lastKnownFileType = sourcecode.swift; path = ComplicationController.swift; sourceTree = "<group>"; };
		2508E9941B4A83F300149E49 /* Assets.xcassets */ = {isa = PBXFileReference; lastKnownFileType = folder.assetcatalog; path = Assets.xcassets; sourceTree = "<group>"; };
		2508E9961B4A83F300149E49 /* Info.plist */ = {isa = PBXFileReference; lastKnownFileType = text.plist.xml; path = Info.plist; sourceTree = "<group>"; };
		25531E691B64D2F200995B1E /* ShooPa WatchKit Extension-Bridging-Header.h */ = {isa = PBXFileReference; lastKnownFileType = sourcecode.c.h; path = "ShooPa WatchKit Extension-Bridging-Header.h"; sourceTree = "<group>"; };
		25531E6A1B64D2F300995B1E /* AAPLAudioRecordingInterfaceController.h */ = {isa = PBXFileReference; fileEncoding = 4; lastKnownFileType = sourcecode.c.h; path = AAPLAudioRecordingInterfaceController.h; sourceTree = "<group>"; };
		25531E6B1B64D2F300995B1E /* AAPLAudioRecordingInterfaceController.m */ = {isa = PBXFileReference; fileEncoding = 4; lastKnownFileType = sourcecode.c.objc; path = AAPLAudioRecordingInterfaceController.m; sourceTree = "<group>"; };
		25531E711B64D36F00995B1E /* AAPLAppConfiguration.h */ = {isa = PBXFileReference; fileEncoding = 4; lastKnownFileType = sourcecode.c.h; path = AAPLAppConfiguration.h; sourceTree = "<group>"; };
		25531E721B64D36F00995B1E /* AAPLAppConfiguration.m */ = {isa = PBXFileReference; fileEncoding = 4; lastKnownFileType = sourcecode.c.objc; path = AAPLAppConfiguration.m; sourceTree = "<group>"; };
		25531E751B65106F00995B1E /* ShooPa WatchKit Extension.entitlements */ = {isa = PBXFileReference; lastKnownFileType = text.xml; path = "ShooPa WatchKit Extension.entitlements"; sourceTree = "<group>"; };
		2559B9291B67D49C00910FFF /* ShooPa WatchKit App.entitlements */ = {isa = PBXFileReference; lastKnownFileType = text.xml; path = "ShooPa WatchKit App.entitlements"; sourceTree = "<group>"; };
		2593C9CF1B77768F00405A52 /* sound.mp3 */ = {isa = PBXFileReference; lastKnownFileType = audio.mp3; path = sound.mp3; sourceTree = "<group>"; };
		2593C9D11B777C6E00405A52 /* fart.wav */ = {isa = PBXFileReference; lastKnownFileType = audio.wav; path = fart.wav; sourceTree = "<group>"; };
		2593C9D31B778E8600405A52 /* CoreMotion.framework */ = {isa = PBXFileReference; lastKnownFileType = wrapper.framework; name = CoreMotion.framework; path = Platforms/WatchOS.platform/Developer/SDKs/WatchOS2.0.sdk/System/Library/Frameworks/CoreMotion.framework; sourceTree = DEVELOPER_DIR; };
		25B15B861BE5F494000868BB /* WatchConnectivity.framework */ = {isa = PBXFileReference; lastKnownFileType = wrapper.framework; name = WatchConnectivity.framework; path = Platforms/WatchOS.platform/Developer/SDKs/WatchOS2.0.sdk/System/Library/Frameworks/WatchConnectivity.framework; sourceTree = DEVELOPER_DIR; };
		25C4534D1B77314300F1C35C /* ShooPa.entitlements */ = {isa = PBXFileReference; lastKnownFileType = text.xml; path = ShooPa.entitlements; sourceTree = "<group>"; };
/* End PBXFileReference section */

/* Begin PBXFrameworksBuildPhase section */
		2508E9491B4A83F300149E49 /* Frameworks */ = {
			isa = PBXFrameworksBuildPhase;
			buildActionMask = 2147483647;
			files = (
			);
			runOnlyForDeploymentPostprocessing = 0;
		};
		2508E95D1B4A83F300149E49 /* Frameworks */ = {
			isa = PBXFrameworksBuildPhase;
			buildActionMask = 2147483647;
			files = (
			);
			runOnlyForDeploymentPostprocessing = 0;
		};
		2508E9681B4A83F300149E49 /* Frameworks */ = {
			isa = PBXFrameworksBuildPhase;
			buildActionMask = 2147483647;
			files = (
			);
			runOnlyForDeploymentPostprocessing = 0;
		};
		2508E9801B4A83F300149E49 /* Frameworks */ = {
			isa = PBXFrameworksBuildPhase;
			buildActionMask = 2147483647;
			files = (
				25B15B871BE5F494000868BB /* WatchConnectivity.framework in Frameworks */,
				2593C9D41B778E8600405A52 /* CoreMotion.framework in Frameworks */,
			);
			runOnlyForDeploymentPostprocessing = 0;
		};
/* End PBXFrameworksBuildPhase section */

/* Begin PBXGroup section */
		2508E9431B4A83F300149E49 = {
			isa = PBXGroup;
			children = (
				25B15B861BE5F494000868BB /* WatchConnectivity.framework */,
				2593C9D31B778E8600405A52 /* CoreMotion.framework */,
				2508E94E1B4A83F300149E49 /* ShooPa */,
				2508E9631B4A83F300149E49 /* ShooPaTests */,
				2508E96E1B4A83F300149E49 /* ShooPaUITests */,
				2508E9781B4A83F300149E49 /* ShooPa WatchKit App */,
				2508E9871B4A83F300149E49 /* ShooPa WatchKit Extension */,
				25531E701B64D36F00995B1E /* Configuration */,
				2508E94D1B4A83F300149E49 /* Products */,
			);
			sourceTree = "<group>";
		};
		2508E94D1B4A83F300149E49 /* Products */ = {
			isa = PBXGroup;
			children = (
				2508E94C1B4A83F300149E49 /* ShooPa.app */,
				2508E9601B4A83F300149E49 /* ShooPaTests.xctest */,
				2508E96B1B4A83F300149E49 /* ShooPaUITests.xctest */,
				2508E9741B4A83F300149E49 /* ShooPa WatchKit App.app */,
				2508E9831B4A83F300149E49 /* ShooPa WatchKit Extension.appex */,
			);
			name = Products;
			sourceTree = "<group>";
		};
		2508E94E1B4A83F300149E49 /* ShooPa */ = {
			isa = PBXGroup;
			children = (
				25C4534D1B77314300F1C35C /* ShooPa.entitlements */,
				2508E94F1B4A83F300149E49 /* AppDelegate.swift */,
				2508E9511B4A83F300149E49 /* ViewController.swift */,
				2508E9531B4A83F300149E49 /* Main.storyboard */,
				2508E9561B4A83F300149E49 /* Assets.xcassets */,
				2508E9581B4A83F300149E49 /* LaunchScreen.storyboard */,
				2508E95B1B4A83F300149E49 /* Info.plist */,
			);
			path = ShooPa;
			sourceTree = "<group>";
		};
		2508E9631B4A83F300149E49 /* ShooPaTests */ = {
			isa = PBXGroup;
			children = (
				2508E9641B4A83F300149E49 /* ShooPaTests.swift */,
				2508E9661B4A83F300149E49 /* Info.plist */,
			);
			path = ShooPaTests;
			sourceTree = "<group>";
		};
		2508E96E1B4A83F300149E49 /* ShooPaUITests */ = {
			isa = PBXGroup;
			children = (
				2508E96F1B4A83F300149E49 /* ShooPaUITests.swift */,
				2508E9711B4A83F300149E49 /* Info.plist */,
			);
			path = ShooPaUITests;
			sourceTree = "<group>";
		};
		2508E9781B4A83F300149E49 /* ShooPa WatchKit App */ = {
			isa = PBXGroup;
			children = (
				2559B9291B67D49C00910FFF /* ShooPa WatchKit App.entitlements */,
				2508E9791B4A83F300149E49 /* Interface.storyboard */,
				2508E97C1B4A83F300149E49 /* Assets.xcassets */,
				2508E97E1B4A83F300149E49 /* Info.plist */,
			);
			path = "ShooPa WatchKit App";
			sourceTree = "<group>";
		};
		2508E9871B4A83F300149E49 /* ShooPa WatchKit Extension */ = {
			isa = PBXGroup;
			children = (
				2593C9D11B777C6E00405A52 /* fart.wav */,
				2593C9CF1B77768F00405A52 /* sound.mp3 */,
				25531E751B65106F00995B1E /* ShooPa WatchKit Extension.entitlements */,
				25531E6A1B64D2F300995B1E /* AAPLAudioRecordingInterfaceController.h */,
				25531E6B1B64D2F300995B1E /* AAPLAudioRecordingInterfaceController.m */,
				2508E98A1B4A83F300149E49 /* InterfaceController.swift */,
				2508E98C1B4A83F300149E49 /* ExtensionDelegate.swift */,
				2508E98E1B4A83F300149E49 /* NotificationController.swift */,
				2508E9901B4A83F300149E49 /* GlanceController.swift */,
				2508E9921B4A83F300149E49 /* ComplicationController.swift */,
				2508E9941B4A83F300149E49 /* Assets.xcassets */,
				2508E9961B4A83F300149E49 /* Info.plist */,
				2508E9881B4A83F300149E49 /* Supporting Files */,
				25531E691B64D2F200995B1E /* ShooPa WatchKit Extension-Bridging-Header.h */,
			);
			path = "ShooPa WatchKit Extension";
			sourceTree = "<group>";
		};
		2508E9881B4A83F300149E49 /* Supporting Files */ = {
			isa = PBXGroup;
			children = (
				2508E9891B4A83F300149E49 /* PushNotificationPayload.apns */,
			);
			name = "Supporting Files";
			sourceTree = "<group>";
		};
		25531E701B64D36F00995B1E /* Configuration */ = {
			isa = PBXGroup;
			children = (
				25531E711B64D36F00995B1E /* AAPLAppConfiguration.h */,
				25531E721B64D36F00995B1E /* AAPLAppConfiguration.m */,
			);
			path = Configuration;
			sourceTree = "<group>";
		};
/* End PBXGroup section */

/* Begin PBXNativeTarget section */
		2508E94B1B4A83F300149E49 /* ShooPa */ = {
			isa = PBXNativeTarget;
			buildConfigurationList = 2508E9A11B4A83F300149E49 /* Build configuration list for PBXNativeTarget "ShooPa" */;
			buildPhases = (
				2508E9481B4A83F300149E49 /* Sources */,
				2508E9491B4A83F300149E49 /* Frameworks */,
				2508E94A1B4A83F300149E49 /* Resources */,
				2508E9A01B4A83F300149E49 /* Embed Watch Content */,
			);
			buildRules = (
			);
			dependencies = (
				2508E9771B4A83F300149E49 /* PBXTargetDependency */,
			);
			name = ShooPa;
			productName = ShooPa;
			productReference = 2508E94C1B4A83F300149E49 /* ShooPa.app */;
			productType = "com.apple.product-type.application";
		};
		2508E95F1B4A83F300149E49 /* ShooPaTests */ = {
			isa = PBXNativeTarget;
			buildConfigurationList = 2508E9A41B4A83F300149E49 /* Build configuration list for PBXNativeTarget "ShooPaTests" */;
			buildPhases = (
				2508E95C1B4A83F300149E49 /* Sources */,
				2508E95D1B4A83F300149E49 /* Frameworks */,
				2508E95E1B4A83F300149E49 /* Resources */,
			);
			buildRules = (
			);
			dependencies = (
				2508E9621B4A83F300149E49 /* PBXTargetDependency */,
			);
			name = ShooPaTests;
			productName = ShooPaTests;
			productReference = 2508E9601B4A83F300149E49 /* ShooPaTests.xctest */;
			productType = "com.apple.product-type.bundle.unit-test";
		};
		2508E96A1B4A83F300149E49 /* ShooPaUITests */ = {
			isa = PBXNativeTarget;
			buildConfigurationList = 2508E9A71B4A83F300149E49 /* Build configuration list for PBXNativeTarget "ShooPaUITests" */;
			buildPhases = (
				2508E9671B4A83F300149E49 /* Sources */,
				2508E9681B4A83F300149E49 /* Frameworks */,
				2508E9691B4A83F300149E49 /* Resources */,
			);
			buildRules = (
			);
			dependencies = (
				2508E96D1B4A83F300149E49 /* PBXTargetDependency */,
			);
			name = ShooPaUITests;
			productName = ShooPaUITests;
			productReference = 2508E96B1B4A83F300149E49 /* ShooPaUITests.xctest */;
			productType = "com.apple.product-type.bundle.ui-testing";
		};
		2508E9731B4A83F300149E49 /* ShooPa WatchKit App */ = {
			isa = PBXNativeTarget;
			buildConfigurationList = 2508E99D1B4A83F300149E49 /* Build configuration list for PBXNativeTarget "ShooPa WatchKit App" */;
			buildPhases = (
				2508E9721B4A83F300149E49 /* Resources */,
				2508E99C1B4A83F300149E49 /* Embed App Extensions */,
			);
			buildRules = (
			);
			dependencies = (
				2508E9861B4A83F300149E49 /* PBXTargetDependency */,
			);
			name = "ShooPa WatchKit App";
			productName = "ShooPa WatchKit App";
			productReference = 2508E9741B4A83F300149E49 /* ShooPa WatchKit App.app */;
			productType = "com.apple.product-type.application.watchapp2";
		};
		2508E9821B4A83F300149E49 /* ShooPa WatchKit Extension */ = {
			isa = PBXNativeTarget;
			buildConfigurationList = 2508E9991B4A83F300149E49 /* Build configuration list for PBXNativeTarget "ShooPa WatchKit Extension" */;
			buildPhases = (
				2508E97F1B4A83F300149E49 /* Sources */,
				2508E9801B4A83F300149E49 /* Frameworks */,
				2508E9811B4A83F300149E49 /* Resources */,
			);
			buildRules = (
			);
			dependencies = (
			);
			name = "ShooPa WatchKit Extension";
			productName = "ShooPa WatchKit Extension";
			productReference = 2508E9831B4A83F300149E49 /* ShooPa WatchKit Extension.appex */;
			productType = "com.apple.product-type.watchkit2-extension";
		};
/* End PBXNativeTarget section */

/* Begin PBXProject section */
		2508E9441B4A83F300149E49 /* Project object */ = {
			isa = PBXProject;
			attributes = {
				LastSwiftUpdateCheck = 0700;
				LastUpgradeCheck = 0700;
				ORGANIZATIONNAME = last4;
				TargetAttributes = {
					2508E94B1B4A83F300149E49 = {
						CreatedOnToolsVersion = 7.0;
						DevelopmentTeam = 2MGFD5R2T3;
						SystemCapabilities = {
							com.apple.ApplicationGroups.iOS = {
								enabled = 1;
							};
						};
					};
					2508E95F1B4A83F300149E49 = {
						CreatedOnToolsVersion = 7.0;
						TestTargetID = 2508E94B1B4A83F300149E49;
					};
					2508E96A1B4A83F300149E49 = {
						CreatedOnToolsVersion = 7.0;
						TestTargetID = 2508E94B1B4A83F300149E49;
					};
					2508E9731B4A83F300149E49 = {
						CreatedOnToolsVersion = 7.0;
						DevelopmentTeam = 2MGFD5R2T3;
						SystemCapabilities = {
							com.apple.ApplicationGroups.iOS = {
								enabled = 1;
							};
						};
					};
					2508E9821B4A83F300149E49 = {
						CreatedOnToolsVersion = 7.0;
						DevelopmentTeam = 2MGFD5R2T3;
						SystemCapabilities = {
							com.apple.ApplicationGroups.iOS = {
								enabled = 1;
							};
						};
					};
				};
			};
			buildConfigurationList = 2508E9471B4A83F300149E49 /* Build configuration list for PBXProject "ShooPa" */;
			compatibilityVersion = "Xcode 3.2";
			developmentRegion = English;
			hasScannedForEncodings = 0;
			knownRegions = (
				en,
				Base,
			);
			mainGroup = 2508E9431B4A83F300149E49;
			productRefGroup = 2508E94D1B4A83F300149E49 /* Products */;
			projectDirPath = "";
			projectRoot = "";
			targets = (
				2508E94B1B4A83F300149E49 /* ShooPa */,
				2508E95F1B4A83F300149E49 /* ShooPaTests */,
				2508E96A1B4A83F300149E49 /* ShooPaUITests */,
				2508E9731B4A83F300149E49 /* ShooPa WatchKit App */,
				2508E9821B4A83F300149E49 /* ShooPa WatchKit Extension */,
			);
		};
/* End PBXProject section */

/* Begin PBXResourcesBuildPhase section */
		2508E94A1B4A83F300149E49 /* Resources */ = {
			isa = PBXResourcesBuildPhase;
			buildActionMask = 2147483647;
			files = (
				2508E95A1B4A83F300149E49 /* LaunchScreen.storyboard in Resources */,
				2508E9571B4A83F300149E49 /* Assets.xcassets in Resources */,
				2508E9551B4A83F300149E49 /* Main.storyboard in Resources */,
			);
			runOnlyForDeploymentPostprocessing = 0;
		};
		2508E95E1B4A83F300149E49 /* Resources */ = {
			isa = PBXResourcesBuildPhase;
			buildActionMask = 2147483647;
			files = (
			);
			runOnlyForDeploymentPostprocessing = 0;
		};
		2508E9691B4A83F300149E49 /* Resources */ = {
			isa = PBXResourcesBuildPhase;
			buildActionMask = 2147483647;
			files = (
			);
			runOnlyForDeploymentPostprocessing = 0;
		};
		2508E9721B4A83F300149E49 /* Resources */ = {
			isa = PBXResourcesBuildPhase;
			buildActionMask = 2147483647;
			files = (
				2508E97D1B4A83F300149E49 /* Assets.xcassets in Resources */,
				2508E97B1B4A83F300149E49 /* Interface.storyboard in Resources */,
			);
			runOnlyForDeploymentPostprocessing = 0;
		};
		2508E9811B4A83F300149E49 /* Resources */ = {
			isa = PBXResourcesBuildPhase;
			buildActionMask = 2147483647;
			files = (
				2593C9D21B777C6E00405A52 /* fart.wav in Resources */,
				2593C9D01B77768F00405A52 /* sound.mp3 in Resources */,
				2508E9951B4A83F300149E49 /* Assets.xcassets in Resources */,
			);
			runOnlyForDeploymentPostprocessing = 0;
		};
/* End PBXResourcesBuildPhase section */

/* Begin PBXSourcesBuildPhase section */
		2508E9481B4A83F300149E49 /* Sources */ = {
			isa = PBXSourcesBuildPhase;
			buildActionMask = 2147483647;
			files = (
				2508E9521B4A83F300149E49 /* ViewController.swift in Sources */,
				2508E9501B4A83F300149E49 /* AppDelegate.swift in Sources */,
				25531E731B64D36F00995B1E /* AAPLAppConfiguration.m in Sources */,
			);
			runOnlyForDeploymentPostprocessing = 0;
		};
		2508E95C1B4A83F300149E49 /* Sources */ = {
			isa = PBXSourcesBuildPhase;
			buildActionMask = 2147483647;
			files = (
				2508E9651B4A83F300149E49 /* ShooPaTests.swift in Sources */,
			);
			runOnlyForDeploymentPostprocessing = 0;
		};
		2508E9671B4A83F300149E49 /* Sources */ = {
			isa = PBXSourcesBuildPhase;
			buildActionMask = 2147483647;
			files = (
				2508E9701B4A83F300149E49 /* ShooPaUITests.swift in Sources */,
			);
			runOnlyForDeploymentPostprocessing = 0;
		};
		2508E97F1B4A83F300149E49 /* Sources */ = {
			isa = PBXSourcesBuildPhase;
			buildActionMask = 2147483647;
			files = (
				25531E741B64D36F00995B1E /* AAPLAppConfiguration.m in Sources */,
				2508E98F1B4A83F300149E49 /* NotificationController.swift in Sources */,
				2508E98D1B4A83F300149E49 /* ExtensionDelegate.swift in Sources */,
				2508E9931B4A83F300149E49 /* ComplicationController.swift in Sources */,
				2508E98B1B4A83F300149E49 /* InterfaceController.swift in Sources */,
				25531E6E1B64D2F300995B1E /* AAPLAudioRecordingInterfaceController.m in Sources */,
				2508E9911B4A83F300149E49 /* GlanceController.swift in Sources */,
			);
			runOnlyForDeploymentPostprocessing = 0;
		};
/* End PBXSourcesBuildPhase section */

/* Begin PBXTargetDependency section */
		2508E9621B4A83F300149E49 /* PBXTargetDependency */ = {
			isa = PBXTargetDependency;
			target = 2508E94B1B4A83F300149E49 /* ShooPa */;
			targetProxy = 2508E9611B4A83F300149E49 /* PBXContainerItemProxy */;
		};
		2508E96D1B4A83F300149E49 /* PBXTargetDependency */ = {
			isa = PBXTargetDependency;
			target = 2508E94B1B4A83F300149E49 /* ShooPa */;
			targetProxy = 2508E96C1B4A83F300149E49 /* PBXContainerItemProxy */;
		};
		2508E9771B4A83F300149E49 /* PBXTargetDependency */ = {
			isa = PBXTargetDependency;
			target = 2508E9731B4A83F300149E49 /* ShooPa WatchKit App */;
			targetProxy = 2508E9761B4A83F300149E49 /* PBXContainerItemProxy */;
		};
		2508E9861B4A83F300149E49 /* PBXTargetDependency */ = {
			isa = PBXTargetDependency;
			target = 2508E9821B4A83F300149E49 /* ShooPa WatchKit Extension */;
			targetProxy = 2508E9851B4A83F300149E49 /* PBXContainerItemProxy */;
		};
/* End PBXTargetDependency section */

/* Begin PBXVariantGroup section */
		2508E9531B4A83F300149E49 /* Main.storyboard */ = {
			isa = PBXVariantGroup;
			children = (
				2508E9541B4A83F300149E49 /* Base */,
			);
			name = Main.storyboard;
			sourceTree = "<group>";
		};
		2508E9581B4A83F300149E49 /* LaunchScreen.storyboard */ = {
			isa = PBXVariantGroup;
			children = (
				2508E9591B4A83F300149E49 /* Base */,
			);
			name = LaunchScreen.storyboard;
			sourceTree = "<group>";
		};
		2508E9791B4A83F300149E49 /* Interface.storyboard */ = {
			isa = PBXVariantGroup;
			children = (
				2508E97A1B4A83F300149E49 /* Base */,
			);
			name = Interface.storyboard;
			sourceTree = "<group>";
		};
/* End PBXVariantGroup section */

/* Begin XCBuildConfiguration section */
		2508E9971B4A83F300149E49 /* Debug */ = {
			isa = XCBuildConfiguration;
			buildSettings = {
				ALWAYS_SEARCH_USER_PATHS = NO;
				CLANG_CXX_LANGUAGE_STANDARD = "gnu++0x";
				CLANG_CXX_LIBRARY = "libc++";
				CLANG_ENABLE_MODULES = YES;
				CLANG_ENABLE_OBJC_ARC = YES;
				CLANG_WARN_BOOL_CONVERSION = YES;
				CLANG_WARN_CONSTANT_CONVERSION = YES;
				CLANG_WARN_DIRECT_OBJC_ISA_USAGE = YES_ERROR;
				CLANG_WARN_EMPTY_BODY = YES;
				CLANG_WARN_ENUM_CONVERSION = YES;
				CLANG_WARN_INT_CONVERSION = YES;
				CLANG_WARN_OBJC_ROOT_CLASS = YES_ERROR;
				CLANG_WARN_UNREACHABLE_CODE = YES;
				CLANG_WARN__DUPLICATE_METHOD_MATCH = YES;
				"CODE_SIGN_IDENTITY[sdk=iphoneos*]" = "iPhone Developer";
				COPY_PHASE_STRIP = NO;
				DEBUG_INFORMATION_FORMAT = dwarf;
				ENABLE_STRICT_OBJC_MSGSEND = YES;
				ENABLE_TESTABILITY = YES;
				GCC_C_LANGUAGE_STANDARD = gnu99;
				GCC_DYNAMIC_NO_PIC = NO;
				GCC_NO_COMMON_BLOCKS = YES;
				GCC_OPTIMIZATION_LEVEL = 0;
				GCC_PREPROCESSOR_DEFINITIONS = (
					"DEBUG=1",
					"$(inherited)",
				);
				GCC_WARN_64_TO_32_BIT_CONVERSION = YES;
				GCC_WARN_ABOUT_RETURN_TYPE = YES_ERROR;
				GCC_WARN_UNDECLARED_SELECTOR = YES;
				GCC_WARN_UNINITIALIZED_AUTOS = YES_AGGRESSIVE;
				GCC_WARN_UNUSED_FUNCTION = YES;
				GCC_WARN_UNUSED_VARIABLE = YES;
				IPHONEOS_DEPLOYMENT_TARGET = 9.0;
				MTL_ENABLE_DEBUG_INFO = YES;
				ONLY_ACTIVE_ARCH = YES;
				SDKROOT = iphoneos;
				SWIFT_OPTIMIZATION_LEVEL = "-Onone";
				TARGETED_DEVICE_FAMILY = "1,2";
			};
			name = Debug;
		};
		2508E9981B4A83F300149E49 /* Release */ = {
			isa = XCBuildConfiguration;
			buildSettings = {
				ALWAYS_SEARCH_USER_PATHS = NO;
				CLANG_CXX_LANGUAGE_STANDARD = "gnu++0x";
				CLANG_CXX_LIBRARY = "libc++";
				CLANG_ENABLE_MODULES = YES;
				CLANG_ENABLE_OBJC_ARC = YES;
				CLANG_WARN_BOOL_CONVERSION = YES;
				CLANG_WARN_CONSTANT_CONVERSION = YES;
				CLANG_WARN_DIRECT_OBJC_ISA_USAGE = YES_ERROR;
				CLANG_WARN_EMPTY_BODY = YES;
				CLANG_WARN_ENUM_CONVERSION = YES;
				CLANG_WARN_INT_CONVERSION = YES;
				CLANG_WARN_OBJC_ROOT_CLASS = YES_ERROR;
				CLANG_WARN_UNREACHABLE_CODE = YES;
				CLANG_WARN__DUPLICATE_METHOD_MATCH = YES;
				"CODE_SIGN_IDENTITY[sdk=iphoneos*]" = "iPhone Developer";
				COPY_PHASE_STRIP = NO;
				DEBUG_INFORMATION_FORMAT = "dwarf-with-dsym";
				ENABLE_NS_ASSERTIONS = NO;
				ENABLE_STRICT_OBJC_MSGSEND = YES;
				GCC_C_LANGUAGE_STANDARD = gnu99;
				GCC_NO_COMMON_BLOCKS = YES;
				GCC_WARN_64_TO_32_BIT_CONVERSION = YES;
				GCC_WARN_ABOUT_RETURN_TYPE = YES_ERROR;
				GCC_WARN_UNDECLARED_SELECTOR = YES;
				GCC_WARN_UNINITIALIZED_AUTOS = YES_AGGRESSIVE;
				GCC_WARN_UNUSED_FUNCTION = YES;
				GCC_WARN_UNUSED_VARIABLE = YES;
				IPHONEOS_DEPLOYMENT_TARGET = 9.0;
				MTL_ENABLE_DEBUG_INFO = NO;
				SDKROOT = iphoneos;
				TARGETED_DEVICE_FAMILY = "1,2";
				VALIDATE_PRODUCT = YES;
			};
			name = Release;
		};
		2508E99A1B4A83F300149E49 /* Debug */ = {
			isa = XCBuildConfiguration;
			buildSettings = {
				ASSETCATALOG_COMPILER_COMPLICATION_NAME = Complication;
				CLANG_ENABLE_MODULES = YES;
				CODE_SIGN_ENTITLEMENTS = "ShooPa WatchKit Extension/ShooPa WatchKit Extension.entitlements";
				CODE_SIGN_IDENTITY = "";
				"CODE_SIGN_IDENTITY[sdk=watchos*]" = "";
				INFOPLIST_FILE = "ShooPa WatchKit Extension/Info.plist";
				LD_RUNPATH_SEARCH_PATHS = "$(inherited) @executable_path/Frameworks @executable_path/../../Frameworks";
				PRODUCT_BUNDLE_IDENTIFIER = cn.com.last4.ShooPa.watchkitapp.watchkitextension;
				PRODUCT_NAME = "${TARGET_NAME}";
				PROVISIONING_PROFILE = "ec04ab9e-f0dc-4223-be96-8a444dd19254";
				SDKROOT = watchos;
				SKIP_INSTALL = YES;
				SWIFT_OBJC_BRIDGING_HEADER = "ShooPa WatchKit Extension/ShooPa WatchKit Extension-Bridging-Header.h";
				SWIFT_OPTIMIZATION_LEVEL = "-Onone";
				TARGETED_DEVICE_FAMILY = 4;
				WATCHOS_DEPLOYMENT_TARGET = 2.0;
			};
			name = Debug;
		};
		2508E99B1B4A83F300149E49 /* Release */ = {
			isa = XCBuildConfiguration;
			buildSettings = {
				ASSETCATALOG_COMPILER_COMPLICATION_NAME = Complication;
				CLANG_ENABLE_MODULES = YES;
				CODE_SIGN_ENTITLEMENTS = "ShooPa WatchKit Extension/ShooPa WatchKit Extension.entitlements";
				CODE_SIGN_IDENTITY = "";
				"CODE_SIGN_IDENTITY[sdk=watchos*]" = "";
				INFOPLIST_FILE = "ShooPa WatchKit Extension/Info.plist";
				LD_RUNPATH_SEARCH_PATHS = "$(inherited) @executable_path/Frameworks @executable_path/../../Frameworks";
				PRODUCT_BUNDLE_IDENTIFIER = cn.com.last4.ShooPa.watchkitapp.watchkitextension;
				PRODUCT_NAME = "${TARGET_NAME}";
				PROVISIONING_PROFILE = "ec04ab9e-f0dc-4223-be96-8a444dd19254";
				SDKROOT = watchos;
				SKIP_INSTALL = YES;
				SWIFT_OBJC_BRIDGING_HEADER = "ShooPa WatchKit Extension/ShooPa WatchKit Extension-Bridging-Header.h";
				TARGETED_DEVICE_FAMILY = 4;
				WATCHOS_DEPLOYMENT_TARGET = 2.0;
			};
			name = Release;
		};
		2508E99E1B4A83F300149E49 /* Debug */ = {
			isa = XCBuildConfiguration;
			buildSettings = {
				ASSETCATALOG_COMPILER_APPICON_NAME = AppIcon;
				CODE_SIGN_ENTITLEMENTS = "ShooPa WatchKit App/ShooPa WatchKit App.entitlements";
				CODE_SIGN_IDENTITY = "";
				"CODE_SIGN_IDENTITY[sdk=watchos*]" = "";
				EMBEDDED_CONTENT_CONTAINS_SWIFT = YES;
				IBSC_MODULE = ShooPa_WatchKit_Extension;
				INFOPLIST_FILE = "ShooPa WatchKit App/Info.plist";
				PRODUCT_BUNDLE_IDENTIFIER = cn.com.last4.ShooPa.watchkitapp;
				PRODUCT_NAME = "$(TARGET_NAME)";
				PROVISIONING_PROFILE = "dcd34863-55a5-4979-b9ea-871f88dc576f";
				SDKROOT = watchos;
				SKIP_INSTALL = YES;
				TARGETED_DEVICE_FAMILY = 4;
				WATCHOS_DEPLOYMENT_TARGET = 2.0;
			};
			name = Debug;
		};
		2508E99F1B4A83F300149E49 /* Release */ = {
			isa = XCBuildConfiguration;
			buildSettings = {
				ASSETCATALOG_COMPILER_APPICON_NAME = AppIcon;
				CODE_SIGN_ENTITLEMENTS = "ShooPa WatchKit App/ShooPa WatchKit App.entitlements";
				CODE_SIGN_IDENTITY = "";
				"CODE_SIGN_IDENTITY[sdk=watchos*]" = "";
				EMBEDDED_CONTENT_CONTAINS_SWIFT = YES;
				IBSC_MODULE = ShooPa_WatchKit_Extension;
				INFOPLIST_FILE = "ShooPa WatchKit App/Info.plist";
				PRODUCT_BUNDLE_IDENTIFIER = cn.com.last4.ShooPa.watchkitapp;
				PRODUCT_NAME = "$(TARGET_NAME)";
				PROVISIONING_PROFILE = "dcd34863-55a5-4979-b9ea-871f88dc576f";
				SDKROOT = watchos;
				SKIP_INSTALL = YES;
				TARGETED_DEVICE_FAMILY = 4;
				WATCHOS_DEPLOYMENT_TARGET = 2.0;
			};
			name = Release;
		};
		2508E9A21B4A83F300149E49 /* Debug */ = {
			isa = XCBuildConfiguration;
			buildSettings = {
				ASSETCATALOG_COMPILER_APPICON_NAME = AppIcon;
				CODE_SIGN_ENTITLEMENTS = ShooPa/ShooPa.entitlements;
				CODE_SIGN_IDENTITY = "";
				"CODE_SIGN_IDENTITY[sdk=iphoneos*]" = "";
				INFOPLIST_FILE = ShooPa/Info.plist;
				LD_RUNPATH_SEARCH_PATHS = "$(inherited) @executable_path/Frameworks";
				PRODUCT_BUNDLE_IDENTIFIER = cn.com.last4.ShooPa;
				PRODUCT_NAME = "$(TARGET_NAME)";
				PROVISIONING_PROFILE = "4f371960-93c1-41b6-b9d6-658539c2ecfa";
				TARGETED_DEVICE_FAMILY = 1;
			};
			name = Debug;
		};
		2508E9A31B4A83F300149E49 /* Release */ = {
			isa = XCBuildConfiguration;
			buildSettings = {
				ASSETCATALOG_COMPILER_APPICON_NAME = AppIcon;
				CODE_SIGN_ENTITLEMENTS = ShooPa/ShooPa.entitlements;
				CODE_SIGN_IDENTITY = "";
				"CODE_SIGN_IDENTITY[sdk=iphoneos*]" = "";
				INFOPLIST_FILE = ShooPa/Info.plist;
				LD_RUNPATH_SEARCH_PATHS = "$(inherited) @executable_path/Frameworks";
				PRODUCT_BUNDLE_IDENTIFIER = cn.com.last4.ShooPa;
				PRODUCT_NAME = "$(TARGET_NAME)";
				PROVISIONING_PROFILE = "4f371960-93c1-41b6-b9d6-658539c2ecfa";
				TARGETED_DEVICE_FAMILY = 1;
			};
			name = Release;
		};
		2508E9A51B4A83F300149E49 /* Debug */ = {
			isa = XCBuildConfiguration;
			buildSettings = {
				BUNDLE_LOADER = "$(TEST_HOST)";
				INFOPLIST_FILE = ShooPaTests/Info.plist;
				LD_RUNPATH_SEARCH_PATHS = "$(inherited) @executable_path/Frameworks @loader_path/Frameworks";
				PRODUCT_BUNDLE_IDENTIFIER = cn.com.last4.ShooPaTests;
				PRODUCT_NAME = "$(TARGET_NAME)";
				TEST_HOST = "$(BUILT_PRODUCTS_DIR)/ShooPa.app/ShooPa";
			};
			name = Debug;
		};
		2508E9A61B4A83F300149E49 /* Release */ = {
			isa = XCBuildConfiguration;
			buildSettings = {
				BUNDLE_LOADER = "$(TEST_HOST)";
				INFOPLIST_FILE = ShooPaTests/Info.plist;
				LD_RUNPATH_SEARCH_PATHS = "$(inherited) @executable_path/Frameworks @loader_path/Frameworks";
				PRODUCT_BUNDLE_IDENTIFIER = cn.com.last4.ShooPaTests;
				PRODUCT_NAME = "$(TARGET_NAME)";
				TEST_HOST = "$(BUILT_PRODUCTS_DIR)/ShooPa.app/ShooPa";
			};
			name = Release;
		};
		2508E9A81B4A83F300149E49 /* Debug */ = {
			isa = XCBuildConfiguration;
			buildSettings = {
				INFOPLIST_FILE = ShooPaUITests/Info.plist;
				LD_RUNPATH_SEARCH_PATHS = "$(inherited) @executable_path/Frameworks @loader_path/Frameworks";
				PRODUCT_BUNDLE_IDENTIFIER = cn.com.last4.ShooPaUITests;
				PRODUCT_NAME = "$(TARGET_NAME)";
				TEST_TARGET_NAME = ShooPa;
				USES_XCTRUNNER = YES;
			};
			name = Debug;
		};
		2508E9A91B4A83F300149E49 /* Release */ = {
			isa = XCBuildConfiguration;
			buildSettings = {
				INFOPLIST_FILE = ShooPaUITests/Info.plist;
				LD_RUNPATH_SEARCH_PATHS = "$(inherited) @executable_path/Frameworks @loader_path/Frameworks";
				PRODUCT_BUNDLE_IDENTIFIER = cn.com.last4.ShooPaUITests;
				PRODUCT_NAME = "$(TARGET_NAME)";
				TEST_TARGET_NAME = ShooPa;
				USES_XCTRUNNER = YES;
			};
			name = Release;
		};
/* End XCBuildConfiguration section */

/* Begin XCConfigurationList section */
		2508E9471B4A83F300149E49 /* Build configuration list for PBXProject "ShooPa" */ = {
			isa = XCConfigurationList;
			buildConfigurations = (
				2508E9971B4A83F300149E49 /* Debug */,
				2508E9981B4A83F300149E49 /* Release */,
			);
			defaultConfigurationIsVisible = 0;
			defaultConfigurationName = Release;
		};
		2508E9991B4A83F300149E49 /* Build configuration list for PBXNativeTarget "ShooPa WatchKit Extension" */ = {
			isa = XCConfigurationList;
			buildConfigurations = (
				2508E99A1B4A83F300149E49 /* Debug */,
				2508E99B1B4A83F300149E49 /* Release */,
			);
			defaultConfigurationIsVisible = 0;
			defaultConfigurationName = Release;
		};
		2508E99D1B4A83F300149E49 /* Build configuration list for PBXNativeTarget "ShooPa WatchKit App" */ = {
			isa = XCConfigurationList;
			buildConfigurations = (
				2508E99E1B4A83F300149E49 /* Debug */,
				2508E99F1B4A83F300149E49 /* Release */,
			);
			defaultConfigurationIsVisible = 0;
			defaultConfigurationName = Release;
		};
		2508E9A11B4A83F300149E49 /* Build configuration list for PBXNativeTarget "ShooPa" */ = {
			isa = XCConfigurationList;
			buildConfigurations = (
				2508E9A21B4A83F300149E49 /* Debug */,
				2508E9A31B4A83F300149E49 /* Release */,
			);
			defaultConfigurationIsVisible = 0;
			defaultConfigurationName = Release;
		};
		2508E9A41B4A83F300149E49 /* Build configuration list for PBXNativeTarget "ShooPaTests" */ = {
			isa = XCConfigurationList;
			buildConfigurations = (
				2508E9A51B4A83F300149E49 /* Debug */,
				2508E9A61B4A83F300149E49 /* Release */,
			);
			defaultConfigurationIsVisible = 0;
			defaultConfigurationName = Release;
		};
		2508E9A71B4A83F300149E49 /* Build configuration list for PBXNativeTarget "ShooPaUITests" */ = {
			isa = XCConfigurationList;
			buildConfigurations = (
				2508E9A81B4A83F300149E49 /* Debug */,
				2508E9A91B4A83F300149E49 /* Release */,
			);
			defaultConfigurationIsVisible = 0;
			defaultConfigurationName = Release;
		};
/* End XCConfigurationList section */
	};
	rootObject = 2508E9441B4A83F300149E49 /* Project object */;
}
